{
  "name": "compact-contract",
  "version": "1.0.0",
  "lockfileVersion": 3,
  "requires": true,
  "packages": {
    "": {
      "name": "compact-contract",
      "version": "1.0.0",
      "dependencies": {
        "@midnight-ntwrk/wallet": "5.0.0"
      }
    },
    "node_modules/@midnight-ntwrk/wallet": {
      "version": "5.0.0",
      "resolved": "https://registry.npmjs.org/@midnight-ntwrk/wallet/-/wallet-5.0.0.tgz",
      "integrity": "sha512-30NjR0w4lOtFrJmwrV0MiFg6QtoKLmCd3e0vy5RxKOvdE8Au6N7O9jiEyZc13c2pk4Pj9ShKL8qukybQhhCuTQ==",
      "license": "Apache-2.0",
      "dependencies": {
        "@midnight-ntwrk/wallet-api": "^5.0.0",
        "@midnight-ntwrk/wallet-sdk-address-format": "^2.0.0",
        "@midnight-ntwrk/wallet-sdk-capabilities": "^2.0.0",
        "@midnight-ntwrk/zswap": "4.0.0",
        "isomorphic-ws": "^5.0.0",
        "node-fetch": "3.3.2",
        "rxjs": "^7.5",
        "scale-ts": "^1.1.0",
        "ws": "^8.8.1"
      }
    },
    "node_modules/@midnight-ntwrk/wallet-api": {
      "version": "5.0.0",
      "resolved": "https://registry.npmjs.org/@midnight-ntwrk/wallet-api/-/wallet-api-5.0.0.tgz",
      "integrity": "sha512-L5Z9+v+ouqTtPLoXpngtBVHZ0SmC3zLrCZbuYnd/ul6p9UbwUQ3AQeqMhclv2jhwFRNYsL0fBOqpD5dvs4SvLQ==",
      "license": "Apache-2.0",
      "dependencies": {
        "@midnight-ntwrk/zswap": "^4.0.0"
      },
      "peerDependencies": {
        "rxjs": "7.x"
      }
    },
    "node_modules/@midnight-ntwrk/wallet-sdk-address-format": {
      "version": "2.0.0",
      "resolved": "https://registry.npmjs.org/@midnight-ntwrk/wallet-sdk-address-format/-/wallet-sdk-address-format-2.0.0.tgz",
      "integrity": "sha512-S/3uIfXXUcklYocO0UPey+15uI095CFuCyJRYgxnTmkIXrgjOn8IfSHnReHDtE6JKkvdN2EXlYVt4ufRdCMuPA==",
      "license": "Apache-2.0",
      "dependencies": {
        "@scure/base": "^1.1.9"
      },
      "peerDependencies": {
        "@midnight-ntwrk/zswap": "4.0.0"
      }
    },
    "node_modules/@midnight-ntwrk/wallet-sdk-capabilities": {
      "version": "2.0.0",
      "resolved": "https://registry.npmjs.org/@midnight-ntwrk/wallet-sdk-capabilities/-/wallet-sdk-capabilities-2.0.0.tgz",
      "integrity": "sha512-zl1uZwy8bMlpNfze6rRTEMZiOCKr4dYBYoIVKLPkck1vKcz3nhsjFAkNfsYtFyND/K7/7mLZBtuHxGWX4gYxXQ==",
      "license": "Apache-2.0",
      "peerDependencies": {
        "@midnight-ntwrk/zswap": "4.0.0"
      }
    },
    "node_modules/@midnight-ntwrk/zswap": {
      "version": "4.0.0",
      "resolved": "https://registry.npmjs.org/@midnight-ntwrk/zswap/-/zswap-4.0.0.tgz",
      "integrity": "sha512-yKfzp4M/wUkqxUJv1D2SizojYdWYnF3FDeKaxPehLPOFC4BrR9KnLZsNR2Y/occ8a4yFDtQXf7bN1QvK5k7Grw=="
    },
    "node_modules/@scure/base": {
      "version": "1.2.6",
      "resolved": "https://registry.npmjs.org/@scure/base/-/base-1.2.6.tgz",
      "integrity": "sha512-g/nm5FgUa//MCj1gV09zTJTaM6KBAHqLN907YVQqf7zC49+DcO4B1so4ZX07Ef10Twr6nuqYEH9GEggFXA4Fmg==",
      "license": "MIT",
      "funding": {
        "url": "https://paulmillr.com/funding/"
      }
    },
    "node_modules/data-uri-to-buffer": {
      "version": "4.0.1",
      "resolved": "https://registry.npmjs.org/data-uri-to-buffer/-/data-uri-to-buffer-4.0.1.tgz",
      "integrity": "sha512-0R9ikRb668HB7QDxT1vkpuUBtqc53YyAwMwGeUFKRojY/NWKvdZ+9UYtRfGmhqNbRkTSVpMbmyhXipFFv2cb/A==",
      "license": "MIT",
      "engines": {
        "node": ">= 12"
      }
    },
    "node_modules/fetch-blob": {
      "version": "3.2.0",
      "resolved": "https://registry.npmjs.org/fetch-blob/-/fetch-blob-3.2.0.tgz",
      "integrity": "sha512-7yAQpD2UMJzLi1Dqv7qFYnPbaPx7ZfFK6PiIxQ4PfkGPyNyl2Ugx+a/umUonmKqjhM4DnfbMvdX6otXq83soQQ==",
      "funding": [
        {
          "type": "github",
          "url": "https://github.com/sponsors/jimmywarting"
        },
        {
          "type": "paypal",
          "url": "https://paypal.me/jimmywarting"
        }
      ],
      "license": "MIT",
      "dependencies": {
        "node-domexception": "^1.0.0",
        "web-streams-polyfill": "^3.0.3"
      },
      "engines": {
        "node": "^12.20 || >= 14.13"
      }
    },
    "node_modules/formdata-polyfill": {
      "version": "4.0.10",
      "resolved": "https://registry.npmjs.org/formdata-polyfill/-/formdata-polyfill-4.0.10.tgz",
      "integrity": "sha512-buewHzMvYL29jdeQTVILecSaZKnt/RJWjoZCF5OW60Z67/GmSLBkOFM7qh1PI3zFNtJbaZL5eQu1vLfazOwj4g==",
      "license": "MIT",
      "dependencies": {
        "fetch-blob": "^3.1.2"
      },
      "engines": {
        "node": ">=12.20.0"
      }
    },
    "node_modules/isomorphic-ws": {
      "version": "5.0.0",
      "resolved": "https://registry.npmjs.org/isomorphic-ws/-/isomorphic-ws-5.0.0.tgz",
      "integrity": "sha512-muId7Zzn9ywDsyXgTIafTry2sV3nySZeUDe6YedVd1Hvuuep5AsIlqK+XefWpYTyJG5e503F2xIuT2lcU6rCSw==",
      "license": "MIT",
      "peerDependencies": {
        "ws": "*"
      }
    },
    "node_modules/node-domexception": {
      "version": "1.0.0",
      "resolved": "https://registry.npmjs.org/node-domexception/-/node-domexception-1.0.0.tgz",
      "integrity": "sha512-/jKZoMpw0F8GRwl4/eLROPA3cfcXtLApP0QzLmUT/HuPCZWyB7IY9ZrMeKw2O/nFIqPQB3PVM9aYm0F312AXDQ==",
      "deprecated": "Use your platform's native DOMException instead",
      "funding": [
        {
          "type": "github",
          "url": "https://github.com/sponsors/jimmywarting"
        },
        {
          "type": "github",
          "url": "https://paypal.me/jimmywarting"
        }
      ],
      "license": "MIT",
      "engines": {
        "node": ">=10.5.0"
      }
    },
    "node_modules/node-fetch": {
      "version": "3.3.2",
      "resolved": "https://registry.npmjs.org/node-fetch/-/node-fetch-3.3.2.tgz",
      "integrity": "sha512-dRB78srN/l6gqWulah9SrxeYnxeddIG30+GOqK/9OlLVyLg3HPnr6SqOWTWOXKRwC2eGYCkZ59NNuSgvSrpgOA==",
      "license": "MIT",
      "dependencies": {
        "data-uri-to-buffer": "^4.0.0",
        "fetch-blob": "^3.1.4",
        "formdata-polyfill": "^4.0.10"
      },
      "engines": {
        "node": "^12.20.0 || ^14.13.1 || >=16.0.0"
      },
      "funding": {
        "type": "opencollective",
        "url": "https://opencollective.com/node-fetch"
      }
    },
    "node_modules/rxjs": {
      "version": "7.8.2",
      "resolved": "https://registry.npmjs.org/rxjs/-/rxjs-7.8.2.tgz",
      "integrity": "sha512-dhKf903U/PQZY6boNNtAGdWbG85WAbjT/1xYoZIC7FAY0yWapOBQVsVrDl58W86//e1VpMNBtRV4MaXfdMySFA==",
      "license": "Apache-2.0",
      "dependencies": {
        "tslib": "^2.1.0"
      }
    },
    "node_modules/scale-ts": {
      "version": "1.6.1",
      "resolved": "https://registry.npmjs.org/scale-ts/-/scale-ts-1.6.1.tgz",
      "integrity": "sha512-PBMc2AWc6wSEqJYBDPcyCLUj9/tMKnLX70jLOSndMtcUoLQucP/DM0vnQo1wJAYjTrQiq8iG9rD0q6wFzgjH7g==",
      "license": "MIT"
    },
    "node_modules/tslib": {
      "version": "2.8.1",
      "resolved": "https://registry.npmjs.org/tslib/-/tslib-2.8.1.tgz",
      "integrity": "sha512-oJFu94HQb+KVduSUQL7wnpmqnfmLsOA/nAh6b6EH0wCEoK0/mPeXU6c3wKDV83MkOuHPRHtSXKKU99IBazS/2w==",
      "license": "0BSD"
    },
    "node_modules/web-streams-polyfill": {
      "version": "3.3.3",
      "resolved": "https://registry.npmjs.org/web-streams-polyfill/-/web-streams-polyfill-3.3.3.tgz",
      "integrity": "sha512-d2JWLCivmZYTSIoge9MsgFCZrt571BikcWGYkjC1khllbTeDlGqZ2D8vD8E/lJa8WGWbb7Plm8/XJYV7IJHZZw==",
      "license": "MIT",
      "engines": {
        "node": ">= 8"
      }
    },
    "node_modules/ws": {
      "version": "8.18.3",
      "resolved": "https://registry.npmjs.org/ws/-/ws-8.18.3.tgz",
      "integrity": "sha512-PEIGCY5tSlUt50cqyMXfCzX+oOPqN0vuGqWzbcJ2xvnkzkq46oOpz7dQaTDBdfICb4N14+GARUDw2XV2N4tvzg==",
      "license": "MIT",
      "engines": {
        "node": ">=10.0.0"
      },
      "peerDependencies": {
        "bufferutil": "^4.0.1",
        "utf-8-validate": ">=5.0.2"
      },
      "peerDependenciesMeta": {
        "bufferutil": {
          "optional": true
        },
        "utf-8-validate": {
          "optional": true
        }
      }
    }
  }
}
